
Microsoft Visual Studio Solution File, Format Version 12.00
# Visual Studio Version 17
VisualStudioVersion = 17.14.36518.9 d17.14
MinimumVisualStudioVersion = 10.0.40219.1
Project("{FAE04EC0-301F-11D3-BF4B-00C04F79EFBC}") = "WebApplication7", "WebApplication7\WebApplication7.csproj", "{F3BF04D3-D5AD-4347-8459-8544D0265875}"
EndProject
Global
	GlobalSection(SolutionConfigurationPlatforms) = preSolution
		Debug|Any CPU = Debug|Any CPU
		Release|Any CPU = Release|Any CPU
	EndGlobalSection
	GlobalSection(ProjectConfigurationPlatforms) = postSolution
		{F3BF04D3-D5AD-4347-8459-8544D0265875}.Debug|Any CPU.ActiveCfg = Debug|Any CPU
		{F3BF04D3-D5AD-4347-8459-8544D0265875}.Debug|Any CPU.Build.0 = Debug|Any CPU
		{F3BF04D3-D5AD-4347-8459-8544D0265875}.Release|Any CPU.ActiveCfg = Release|Any CPU
		{F3BF04D3-D5AD-4347-8459-8544D0265875}.Release|Any CPU.Build.0 = Release|Any CPU
	EndGlobalSection
	GlobalSection(SolutionProperties) = preSolution
		HideSolutionNode = FALSE
	EndGlobalSection
	GlobalSection(ExtensibilityGlobals) = postSolution
		SolutionGuid = {1DC18C5D-CBE6-4682-9FF9-A78E45A67F69}
	EndGlobalSection
EndGlobal
